// !$*UTF8*$!
{
	archiveVersion = 1;
	classes = {
	};
	objectVersion = 46;
	objects = {

/* Begin PBXBuildFile section */
		7F9E2EA31E84BA1200628A44 /* AppDelegate.swift in Sources */ = {isa = PBXBuildFile; fileRef = 7F9E2EA21E84BA1200628A44 /* AppDelegate.swift */; };
		7F9E2EA51E84BA1200628A44 /* ViewController.swift in Sources */ = {isa = PBXBuildFile; fileRef = 7F9E2EA41E84BA1200628A44 /* ViewController.swift */; };
		7F9E2EA71E84BA1200628A44 /* Images.xcassets in Resources */ = {isa = PBXBuildFile; fileRef = 7F9E2EA61E84BA1200628A44 /* Images.xcassets */; };
		7F9E2EAA1E84BA1200628A44 /* Main.storyboard in Resources */ = {isa = PBXBuildFile; fileRef = 7F9E2EA81E84BA1200628A44 /* Main.storyboard */; };
		7F9E2EB61E84BA1200628A44 /* BillMemoTests.swift in Sources */ = {isa = PBXBuildFile; fileRef = 7F9E2EB51E84BA1200628A44 /* BillMemoTests.swift */; };
/* End PBXBuildFile section */

/* Begin PBXContainerItemProxy section */
		7F9E2EB01E84BA1200628A44 /* PBXContainerItemProxy */ = {
			isa = PBXContainerItemProxy;
			containerPortal = 7F9E2E951E84BA1200628A44 /* Project object */;
			proxyType = 1;
			remoteGlobalIDString = 7F9E2E9C1E84BA1200628A44;
			remoteInfo = BillMemo;
		};
/* End PBXContainerItemProxy section */

/* Begin PBXFileReference section */
		7F9E2E9D1E84BA1200628A44 /* BillMemo.app */ = {isa = PBXFileReference; explicitFileType = wrapper.application; includeInIndex = 0; path = BillMemo.app; sourceTree = BUILT_PRODUCTS_DIR; };
		7F9E2EA11E84BA1200628A44 /* Info.plist */ = {isa = PBXFileReference; lastKnownFileType = text.plist.xml; path = Info.plist; sourceTree = "<group>"; };
		7F9E2EA21E84BA1200628A44 /* AppDelegate.swift */ = {isa = PBXFileReference; lastKnownFileType = sourcecode.swift; path = AppDelegate.swift; sourceTree = "<group>"; };
		7F9E2EA41E84BA1200628A44 /* ViewController.swift */ = {isa = PBXFileReference; lastKnownFileType = sourcecode.swift; path = ViewController.swift; sourceTree = "<group>"; };
		7F9E2EA61E84BA1200628A44 /* Images.xcassets */ = {isa = PBXFileReference; lastKnownFileType = folder.assetcatalog; path = Images.xcassets; sourceTree = "<group>"; };
		7F9E2EA91E84BA1200628A44 /* Base */ = {isa = PBXFileReference; lastKnownFileType = file.storyboard; name = Base; path = Base.lproj/Main.storyboard; sourceTree = "<group>"; };
		7F9E2EAF1E84BA1200628A44 /* BillMemoTests.xctest */ = {isa = PBXFileReference; explicitFileType = wrapper.cfbundle; includeInIndex = 0; path = BillMemoTests.xctest; sourceTree = BUILT_PRODUCTS_DIR; };
		7F9E2EB41E84BA1200628A44 /* Info.plist */ = {isa = PBXFileReference; lastKnownFileType = text.plist.xml; path = Info.plist; sourceTree = "<group>"; };
		7F9E2EB51E84BA1200628A44 /* BillMemoTests.swift */ = {isa = PBXFileReference; lastKnownFileType = sourcecode.swift; path = BillMemoTests.swift; sourceTree = "<group>"; };
/* End PBXFileReference section */

/* Begin PBXFrameworksBuildPhase section */
		7F9E2E9A1E84BA1200628A44 /* Frameworks */ = {
			isa = PBXFrameworksBuildPhase;
			buildActionMask = 2147483647;
			files = (
			);
			runOnlyForDeploymentPostprocessing = 0;
		};
		7F9E2EAC1E84BA1200628A44 /* Frameworks */ = {
			isa = PBXFrameworksBuildPhase;
			buildActionMask = 2147483647;
			files = (
			);
			runOnlyForDeploymentPostprocessing = 0;
		};
/* End PBXFrameworksBuildPhase section */

/* Begin PBXGroup section */
		7F9E2E941E84BA1200628A44 = {
			isa = PBXGroup;
			children = (
				7F9E2E9F1E84BA1200628A44 /* BillMemo */,
				7F9E2EB21E84BA1200628A44 /* BillMemoTests */,
				7F9E2E9E1E84BA1200628A44 /* Products */,
			);
			sourceTree = "<group>";
		};
		7F9E2E9E1E84BA1200628A44 /* Products */ = {
			isa = PBXGroup;
			children = (
				7F9E2E9D1E84BA1200628A44 /* BillMemo.app */,
				7F9E2EAF1E84BA1200628A44 /* BillMemoTests.xctest */,
			);
			name = Products;
			sourceTree = "<group>";
		};
		7F9E2E9F1E84BA1200628A44 /* BillMemo */ = {
			isa = PBXGroup;
			children = (
				7F9E2EA21E84BA1200628A44 /* AppDelegate.swift */,
				7F9E2EA41E84BA1200628A44 /* ViewController.swift */,
				7F9E2EA61E84BA1200628A44 /* Images.xcassets */,
				7F9E2EA81E84BA1200628A44 /* Main.storyboard */,
				7F9E2EA01E84BA1200628A44 /* Supporting Files */,
			);
			path = BillMemo;
			sourceTree = "<group>";
		};
		7F9E2EA01E84BA1200628A44 /* Supporting Files */ = {
			isa = PBXGroup;
			children = (
				7F9E2EA11E84BA1200628A44 /* Info.plist */,
			);
			name = "Supporting Files";
			sourceTree = "<group>";
		};
		7F9E2EB21E84BA1200628A44 /* BillMemoTests */ = {
			isa = PBXGroup;
			children = (
				7F9E2EB51E84BA1200628A44 /* BillMemoTests.swift */,
				7F9E2EB31E84BA1200628A44 /* Supporting Files */,
			);
			path = BillMemoTests;
			sourceTree = "<group>";
		};
		7F9E2EB31E84BA1200628A44 /* Supporting Files */ = {
			isa = PBXGroup;
			children = (
				7F9E2EB41E84BA1200628A44 /* Info.plist */,
			);
			name = "Supporting Files";
			sourceTree = "<group>";
		};
/* End PBXGroup section */

/* Begin PBXNativeTarget section */
		7F9E2E9C1E84BA1200628A44 /* BillMemo */ = {
			isa = PBXNativeTarget;
			buildConfigurationList = 7F9E2EB91E84BA1200628A44 /* Build configuration list for PBXNativeTarget "BillMemo" */;
			buildPhases = (
				7F9E2E991E84BA1200628A44 /* Sources */,
				7F9E2E9A1E84BA1200628A44 /* Frameworks */,
				7F9E2E9B1E84BA1200628A44 /* Resources */,
			);
			buildRules = (
			);
			dependencies = (
			);
			name = BillMemo;
			productName = BillMemo;
			productReference = 7F9E2E9D1E84BA1200628A44 /* BillMemo.app */;
			productType = "com.apple.product-type.application";
		};
		7F9E2EAE1E84BA1200628A44 /* BillMemoTests */ = {
			isa = PBXNativeTarget;
			buildConfigurationList = 7F9E2EBC1E84BA1200628A44 /* Build configuration list for PBXNativeTarget "BillMemoTests" */;
			buildPhases = (
				7F9E2EAB1E84BA1200628A44 /* Sources */,
				7F9E2EAC1E84BA1200628A44 /* Frameworks */,
				7F9E2EAD1E84BA1200628A44 /* Resources */,
			);
			buildRules = (
			);
			dependencies = (
				7F9E2EB11E84BA1200628A44 /* PBXTargetDependency */,
			);
			name = BillMemoTests;
			productName = BillMemoTests;
			productReference = 7F9E2EAF1E84BA1200628A44 /* BillMemoTests.xctest */;
			productType = "com.apple.product-type.bundle.unit-test";
		};
/* End PBXNativeTarget section */

/* Begin PBXProject section */
		7F9E2E951E84BA1200628A44 /* Project object */ = {
			isa = PBXProject;
			attributes = {
				LastUpgradeCheck = 0640;
				ORGANIZATIONNAME = Jing;
				TargetAttributes = {
					7F9E2E9C1E84BA1200628A44 = {
						CreatedOnToolsVersion = 6.4;
					};
					7F9E2EAE1E84BA1200628A44 = {
						CreatedOnToolsVersion = 6.4;
						TestTargetID = 7F9E2E9C1E84BA1200628A44;
					};
				};
			};
			buildConfigurationList = 7F9E2E981E84BA1200628A44 /* Build configuration list for PBXProject "BillMemo" */;
			compatibilityVersion = "Xcode 3.2";
			developmentRegion = English;
			hasScannedForEncodings = 0;
			knownRegions = (
				en,
				Base,
			);
			mainGroup = 7F9E2E941E84BA1200628A44;
			productRefGroup = 7F9E2E9E1E84BA1200628A44 /* Products */;
			projectDirPath = "";
			projectRoot = "";
			targets = (
				7F9E2E9C1E84BA1200628A44 /* BillMemo */,
				7F9E2EAE1E84BA1200628A44 /* BillMemoTests */,
			);
		};
/* End PBXProject section */

/* Begin PBXResourcesBuildPhase section */
		7F9E2E9B1E84BA1200628A44 /* Resources */ = {
			isa = PBXResourcesBuildPhase;
			buildActionMask = 2147483647;
			files = (
				7F9E2EA71E84BA1200628A44 /* Images.xcassets in Resources */,
				7F9E2EAA1E84BA1200628A44 /* Main.storyboard in Resources */,
			);
			runOnlyForDeploymentPostprocessing = 0;
		};
		7F9E2EAD1E84BA1200628A44 /* Resources */ = {
			isa = PBXResourcesBuildPhase;
			buildActionMask = 2147483647;
			files = (
			);
			runOnlyForDeploymentPostprocessing = 0;
		};
/* End PBXResourcesBuildPhase section */

/* Begin PBXSourcesBuildPhase section */
		7F9E2E991E84BA1200628A44 /* Sources */ = {
			isa = PBXSourcesBuildPhase;
			buildActionMask = 2147483647;
			files = (
				7F9E2EA51E84BA1200628A44 /* ViewController.swift in Sources */,
				7F9E2EA31E84BA1200628A44 /* AppDelegate.swift in Sources */,
			);
			runOnlyForDeploymentPostprocessing = 0;
		};
		7F9E2EAB1E84BA1200628A44 /* Sources */ = {
			isa = PBXSourcesBuildPhase;
			buildActionMask = 2147483647;
			files = (
				7F9E2EB61E84BA1200628A44 /* BillMemoTests.swift in Sources */,
			);
			runOnlyForDeploymentPostprocessing = 0;
		};
/* End PBXSourcesBuildPhase section */

/* Begin PBXTargetDependency section */
		7F9E2EB11E84BA1200628A44 /* PBXTargetDependency */ = {
			isa = PBXTargetDependency;
			target = 7F9E2E9C1E84BA1200628A44 /* BillMemo */;
			targetProxy = 7F9E2EB01E84BA1200628A44 /* PBXContainerItemProxy */;
		};
/* End PBXTargetDependency section */

/* Begin PBXVariantGroup section */
		7F9E2EA81E84BA1200628A44 /* Main.storyboard */ = {
			isa = PBXVariantGroup;
			children = (
				7F9E2EA91E84BA1200628A44 /* Base */,
			);
			name = Main.storyboard;
			sourceTree = "<group>";
		};
/* End PBXVariantGroup section */

/* Begin XCBuildConfiguration section */
		7F9E2EB71E84BA1200628A44 /* Debug */ = {
			isa = XCBuildConfiguration;
			buildSettings = {
				ALWAYS_SEARCH_USER_PATHS = NO;
				CLANG_CXX_LANGUAGE_STANDARD = "gnu++0x";
				CLANG_CXX_LIBRARY = "libc++";
				CLANG_ENABLE_MODULES = YES;
				CLANG_ENABLE_OBJC_ARC = YES;
				CLANG_WARN_BOOL_CONVERSION = YES;
				CLANG_WARN_CONSTANT_CONVERSION = YES;
				CLANG_WARN_DIRECT_OBJC_ISA_USAGE = YES_ERROR;
				CLANG_WARN_EMPTY_BODY = YES;
				CLANG_WARN_ENUM_CONVERSION = YES;
				CLANG_WARN_INT_CONVERSION = YES;
				CLANG_WARN_OBJC_ROOT_CLASS = YES_ERROR;
				CLANG_WARN_UNREACHABLE_CODE = YES;
				CLANG_WARN__DUPLICATE_METHOD_MATCH = YES;
				CODE_SIGN_IDENTITY = "-";
				COPY_PHASE_STRIP = NO;
				DEBUG_INFORMATION_FORMAT = dwarf;
				ENABLE_STRICT_OBJC_MSGSEND = YES;
				GCC_C_LANGUAGE_STANDARD = gnu99;
				GCC_DYNAMIC_NO_PIC = NO;
				GCC_NO_COMMON_BLOCKS = YES;
				GCC_OPTIMIZATION_LEVEL = 0;
				GCC_PREPROCESSOR_DEFINITIONS = (
					"DEBUG=1",
					"$(inherited)",
				);
				GCC_SYMBOLS_PRIVATE_EXTERN = NO;
				GCC_WARN_64_TO_32_BIT_CONVERSION = YES;
				GCC_WARN_ABOUT_RETURN_TYPE = YES_ERROR;
				GCC_WARN_UNDECLARED_SELECTOR = YES;
				GCC_WARN_UNINITIALIZED_AUTOS = YES_AGGRESSIVE;
				GCC_WARN_UNUSED_FUNCTION = YES;
				GCC_WARN_UNUSED_VARIABLE = YES;
				MACOSX_DEPLOYMENT_TARGET = 10.10;
				MTL_ENABLE_DEBUG_INFO = YES;
				ONLY_ACTIVE_ARCH = YES;
				SDKROOT = macosx;
				SWIFT_OPTIMIZATION_LEVEL = "-Onone";
			};
			name = Debug;
		};
		7F9E2EB81E84BA1200628A44 /* Release */ = {
			isa = XCBuildConfiguration;
			buildSettings = {
				ALWAYS_SEARCH_USER_PATHS = NO;
				CLANG_CXX_LANGUAGE_STANDARD = "gnu++0x";
				CLANG_CXX_LIBRARY = "libc++";
				CLANG_ENABLE_MODULES = YES;
				CLANG_ENABLE_OBJC_ARC = YES;
				CLANG_WARN_BOOL_CONVERSION = YES;
				CLANG_WARN_CONSTANT_CONVERSION = YES;
				CLANG_WARN_DIRECT_OBJC_ISA_USAGE = YES_ERROR;
				CLANG_WARN_EMPTY_BODY = YES;
				CLANG_WARN_ENUM_CONVERSION = YES;
				CLANG_WARN_INT_CONVERSION = YES;
				CLANG_WARN_OBJC_ROOT_CLASS = YES_ERROR;
				CLANG_WARN_UNREACHABLE_CODE = YES;
				CLANG_WARN__DUPLICATE_METHOD_MATCH = YES;
				CODE_SIGN_IDENTITY = "-";
				COPY_PHASE_STRIP = NO;
				DEBUG_INFORMATION_FORMAT = "dwarf-with-dsym";
				ENABLE_NS_ASSERTIONS = NO;
				ENABLE_STRICT_OBJC_MSGSEND = YES;
				GCC_C_LANGUAGE_STANDARD = gnu99;
				GCC_NO_COMMON_BLOCKS = YES;
				GCC_WARN_64_TO_32_BIT_CONVERSION = YES;
				GCC_WARN_ABOUT_RETURN_TYPE = YES_ERROR;
				GCC_WARN_UNDECLARED_SELECTOR = YES;
				GCC_WARN_UNINITIALIZED_AUTOS = YES_AGGRESSIVE;
				GCC_WARN_UNUSED_FUNCTION = YES;
				GCC_WARN_UNUSED_VARIABLE = YES;
				MACOSX_DEPLOYMENT_TARGET = 10.10;
				MTL_ENABLE_DEBUG_INFO = NO;
				SDKROOT = macosx;
			};
			name = Release;
		};
		7F9E2EBA1E84BA1200628A44 /* Debug */ = {
			isa = XCBuildConfiguration;
			buildSettings = {
				ASSETCATALOG_COMPILER_APPICON_NAME = AppIcon;
				COMBINE_HIDPI_IMAGES = YES;
				INFOPLIST_FILE = BillMemo/Info.plist;
				LD_RUNPATH_SEARCH_PATHS = "$(inherited) @executable_path/../Frameworks";
				PRODUCT_NAME = "$(TARGET_NAME)";
			};
			name = Debug;
		};
		7F9E2EBB1E84BA1200628A44 /* Release */ = {
			isa = XCBuildConfiguration;
			buildSettings = {
				ASSETCATALOG_COMPILER_APPICON_NAME = AppIcon;
				COMBINE_HIDPI_IMAGES = YES;
				INFOPLIST_FILE = BillMemo/Info.plist;
				LD_RUNPATH_SEARCH_PATHS = "$(inherited) @executable_path/../Frameworks";
				PRODUCT_NAME = "$(TARGET_NAME)";
			};
			name = Release;
		};
		7F9E2EBD1E84BA1200628A44 /* Debug */ = {
			isa = XCBuildConfiguration;
			buildSettings = {
				BUNDLE_LOADER = "$(TEST_HOST)";
				COMBINE_HIDPI_IMAGES = YES;
				FRAMEWORK_SEARCH_PATHS = (
					"$(DEVELOPER_FRAMEWORKS_DIR)",
					"$(inherited)",
				);
				GCC_PREPROCESSOR_DEFINITIONS = (
					"DEBUG=1",
					"$(inherited)",
				);
				INFOPLIST_FILE = BillMemoTests/Info.plist;
				LD_RUNPATH_SEARCH_PATHS = "$(inherited) @executable_path/../Frameworks @loader_path/../Frameworks";
				PRODUCT_NAME = "$(TARGET_NAME)";
				TEST_HOST = "$(BUILT_PRODUCTS_DIR)/BillMemo.app/Contents/MacOS/BillMemo";
			};
			name = Debug;
		};
		7F9E2EBE1E84BA1200628A44 /* Release */ = {
			isa = XCBuildConfiguration;
			buildSettings = {
				BUNDLE_LOADER = "$(TEST_HOST)";
				COMBINE_HIDPI_IMAGES = YES;
				FRAMEWORK_SEARCH_PATHS = (
					"$(DEVELOPER_FRAMEWORKS_DIR)",
					"$(inherited)",
				);
				INFOPLIST_FILE = BillMemoTests/Info.plist;
				LD_RUNPATH_SEARCH_PATHS = "$(inherited) @executable_path/../Frameworks @loader_path/../Frameworks";
				PRODUCT_NAME = "$(TARGET_NAME)";
				TEST_HOST = "$(BUILT_PRODUCTS_DIR)/BillMemo.app/Contents/MacOS/BillMemo";
			};
			name = Release;
		};
/* End XCBuildConfiguration section */

/* Begin XCConfigurationList section */
		7F9E2E981E84BA1200628A44 /* Build configuration list for PBXProject "BillMemo" */ = {
			isa = XCConfigurationList;
			buildConfigurations = (
				7F9E2EB71E84BA1200628A44 /* Debug */,
				7F9E2EB81E84BA1200628A44 /* Release */,
			);
			defaultConfigurationIsVisible = 0;
			defaultConfigurationName = Release;
		};
		7F9E2EB91E84BA1200628A44 /* Build configuration list for PBXNativeTarget "BillMemo" */ = {
			isa = XCConfigurationList;
			buildConfigurations = (
				7F9E2EBA1E84BA1200628A44 /* Debug */,
				7F9E2EBB1E84BA1200628A44 /* Release */,
			);
			defaultConfigurationIsVisible = 0;
		};
		7F9E2EBC1E84BA1200628A44 /* Build configuration list for PBXNativeTarget "BillMemoTests" */ = {
			isa = XCConfigurationList;
			buildConfigurations = (
				7F9E2EBD1E84BA1200628A44 /* Debug */,
				7F9E2EBE1E84BA1200628A44 /* Release */,
			);
			defaultConfigurationIsVisible = 0;
		};
/* End XCConfigurationList section */
	};
	rootObject = 7F9E2E951E84BA1200628A44 /* Project object */;
}
